version = 1
requires-python = ">=3.9"

[[package]]
name = "annotated-types"
version = "0.7.0"
source = { registry = "https://artifactory.global.square/artifactory/api/pypi/block-pypi/simple" }
sdist = { url = "https://artifactory.global.square/artifactory/api/pypi/block-pypi/packages/packages/ee/67/531ea369ba64dcff5ec9c3402f9f51bf748cec26dde048a2f973a4eea7f5/annotated_types-0.7.0.tar.gz", hash = "sha256:aff07c09a53a08bc8cfccb9c85b05f1aa9a2a6f23728d790723543408344ce89" }
wheels = [
    { url = "https://artifactory.global.square/artifactory/api/pypi/block-pypi/packages/packages/78/b6/6307fbef88d9b5ee7421e68d78a9f162e0da4900bc5f5793f6d3d0e34fb8/annotated_types-0.7.0-py3-none-any.whl", hash = "sha256:1f02e8b43a8fbbc3f3e0d4f0f4bfc8131bcb4eebe8849b8e5c773f3a1c582a53" },
]

[[package]]
name = "anyio"
version = "4.7.0"
source = { registry = "https://artifactory.global.square/artifactory/api/pypi/block-pypi/simple" }
dependencies = [
    { name = "exceptiongroup", marker = "python_full_version < '3.11'" },
    { name = "idna" },
    { name = "sniffio" },
    { name = "typing-extensions", marker = "python_full_version < '3.13'" },
]
sdist = { url = "https://artifactory.global.square/artifactory/api/pypi/block-pypi/packages/packages/f6/40/318e58f669b1a9e00f5c4453910682e2d9dd594334539c7b7817dabb765f/anyio-4.7.0.tar.gz", hash = "sha256:2f834749c602966b7d456a7567cafcb309f96482b5081d14ac93ccd457f9dd48" }
wheels = [
    { url = "https://artifactory.global.square/artifactory/api/pypi/block-pypi/packages/packages/a0/7a/4daaf3b6c08ad7ceffea4634ec206faeff697526421c20f07628c7372156/anyio-4.7.0-py3-none-any.whl", hash = "sha256:ea60c3723ab42ba6fff7e8ccb0488c898ec538ff4df1f1d5e642c3601d07e352" },
]

[[package]]
name = "click"
version = "8.1.7"
source = { registry = "https://artifactory.global.square/artifactory/api/pypi/block-pypi/simple" }
dependencies = [
    { name = "colorama", marker = "platform_system == 'Windows'" },
]
sdist = { url = "https://artifactory.global.square/artifactory/api/pypi/block-pypi/packages/packages/96/d3/f04c7bfcf5c1862a2a5b845c6b2b360488cf47af55dfa79c98f6a6bf98b5/click-8.1.7.tar.gz", hash = "sha256:ca9853ad459e787e2192211578cc907e7594e294c7ccc834310722b41b9ca6de" }
wheels = [
    { url = "https://artifactory.global.square/artifactory/api/pypi/block-pypi/packages/packages/00/2e/d53fa4befbf2cfa713304affc7ca780ce4fc1fd8710527771b58311a3229/click-8.1.7-py3-none-any.whl", hash = "sha256:ae74fb96c20a0277a1d615f1e4d73c8414f5a98db8b799a7931d1582f3390c28" },
]

[[package]]
name = "colorama"
version = "0.4.6"
source = { registry = "https://artifactory.global.square/artifactory/api/pypi/block-pypi/simple" }
sdist = { url = "https://artifactory.global.square/artifactory/api/pypi/block-pypi/packages/packages/d8/53/6f443c9a4a8358a93a6792e2acffb9d9d5cb0a5cfd8802644b7b1c9a02e4/colorama-0.4.6.tar.gz", hash = "sha256:08695f5cb7ed6e0531a20572697297273c47b8cae5a63ffc6d6ed5c201be6e44" }
wheels = [
    { url = "https://artifactory.global.square/artifactory/api/pypi/block-pypi/packages/packages/d1/d6/3965ed04c63042e047cb6a3e6ed1a63a35087b6a609aa3a15ed8ac56c221/colorama-0.4.6-py2.py3-none-any.whl", hash = "sha256:4f1d9991f5acc0ca119f9d443620b77f9d6b33703e51011c16baf57afb285fc6" },
]

[[package]]
name = "exceptiongroup"
version = "1.2.2"
source = { registry = "https://artifactory.global.square/artifactory/api/pypi/block-pypi/simple" }
sdist = { url = "https://artifactory.global.square/artifactory/api/pypi/block-pypi/packages/packages/09/35/2495c4ac46b980e4ca1f6ad6db102322ef3ad2410b79fdde159a4b0f3b92/exceptiongroup-1.2.2.tar.gz", hash = "sha256:47c2edf7c6738fafb49fd34290706d1a1a2f4d1c6df275526b62cbb4aa5393cc" }
wheels = [
    { url = "https://artifactory.global.square/artifactory/api/pypi/block-pypi/packages/packages/02/cc/b7e31358aac6ed1ef2bb790a9746ac2c69bcb3c8588b41616914eb106eaf/exceptiongroup-1.2.2-py3-none-any.whl", hash = "sha256:3111b9d131c238bec2f8f516e123e14ba243563fb135d3fe885990585aa7795b" },
]

[[package]]
name = "fastapi"
version = "0.115.6"
source = { registry = "https://artifactory.global.square/artifactory/api/pypi/block-pypi/simple" }
dependencies = [
    { name = "pydantic" },
    { name = "starlette" },
    { name = "typing-extensions" },
]
sdist = { url = "https://artifactory.global.square/artifactory/api/pypi/block-pypi/packages/packages/93/72/d83b98cd106541e8f5e5bfab8ef2974ab45a62e8a6c5b5e6940f26d2ed4b/fastapi-0.115.6.tar.gz", hash = "sha256:9ec46f7addc14ea472958a96aae5b5de65f39721a46aaf5705c480d9a8b76654" }
wheels = [
    { url = "https://artifactory.global.square/artifactory/api/pypi/block-pypi/packages/packages/52/b3/7e4df40e585df024fac2f80d1a2d579c854ac37109675db2b0cc22c0bb9e/fastapi-0.115.6-py3-none-any.whl", hash = "sha256:e9240b29e36fa8f4bb7290316988e90c381e5092e0cbe84e7818cc3713bcf305" },
]

[[package]]
name = "fastapi-starlette-demo"
version = "0.1.0"
source = { editable = "." }
dependencies = [
    { name = "fastapi" },
    { name = "uvicorn" },
]

[package.metadata]
requires-dist = [
    { name = "fastapi", specifier = ">=0.104.1" },
    { name = "uvicorn", specifier = ">=0.24.0" },
]

[[package]]
name = "h11"
version = "0.14.0"
source = { registry = "https://artifactory.global.square/artifactory/api/pypi/block-pypi/simple" }
sdist = { url = "https://artifactory.global.square/artifactory/api/pypi/block-pypi/packages/packages/f5/38/3af3d3633a34a3316095b39c8e8fb4853a28a536e55d347bd8d8e9a14b03/h11-0.14.0.tar.gz", hash = "sha256:8f19fbbe99e72420ff35c00b27a34cb9937e902a8b810e2c88300c6f0a3b699d" }
wheels = [
    { url = "https://artifactory.global.square/artifactory/api/pypi/block-pypi/packages/packages/95/04/ff642e65ad6b90db43e668d70ffb6736436c7ce41fcc549f4e9472234127/h11-0.14.0-py3-none-any.whl", hash = "sha256:e3fe4ac4b851c468cc8363d500db52c2ead036020723024a109d37346efaa761" },
]

[[package]]
name = "idna"
version = "3.10"
source = { registry = "https://artifactory.global.square/artifactory/api/pypi/block-pypi/simple" }
sdist = { url = "https://artifactory.global.square/artifactory/api/pypi/block-pypi/packages/packages/f1/70/7703c29685631f5a7590aa73f1f1d3fa9a380e654b86af429e0934a32f7d/idna-3.10.tar.gz", hash = "sha256:12f65c9b470abda6dc35cf8e63cc574b1c52b11df2c86030af0ac09b01b13ea9" }
wheels = [
    { url = "https://artifactory.global.square/artifactory/api/pypi/block-pypi/packages/packages/76/c6/c88e154df9c4e1a2a66ccf0005a88dfb2650c1dffb6f5ce603dfbd452ce3/idna-3.10-py3-none-any.whl", hash = "sha256:946d195a0d259cbba61165e88e65941f16e9b36ea6ddb97f00452bae8b1287d3" },
]

[[package]]
name = "pydantic"
version = "2.10.3"
source = { registry = "https://artifactory.global.square/artifactory/api/pypi/block-pypi/simple" }
dependencies = [
    { name = "annotated-types" },
    { name = "pydantic-core" },
    { name = "typing-extensions" },
]
sdist = { url = "https://artifactory.global.square/artifactory/api/pypi/block-pypi/packages/packages/45/0f/27908242621b14e649a84e62b133de45f84c255eecb350ab02979844a788/pydantic-2.10.3.tar.gz", hash = "sha256:cb5ac360ce894ceacd69c403187900a02c4b20b693a9dd1d643e1effab9eadf9" }
wheels = [
    { url = "https://artifactory.global.square/artifactory/api/pypi/block-pypi/packages/packages/62/51/72c18c55cf2f46ff4f91ebcc8f75aa30f7305f3d726be3f4ebffb4ae972b/pydantic-2.10.3-py3-none-any.whl", hash = "sha256:be04d85bbc7b65651c5f8e6b9976ed9c6f41782a55524cef079a34a0bb82144d" },
]

[[package]]
name = "pydantic-core"
version = "2.27.1"
source = { registry = "https://artifactory.global.square/artifactory/api/pypi/block-pypi/simple" }
dependencies = [
    { name = "typing-extensions" },
]
sdist = { url = "https://artifactory.global.square/artifactory/api/pypi/block-pypi/packages/packages/a6/9f/7de1f19b6aea45aeb441838782d68352e71bfa98ee6fa048d5041991b33e/pydantic_core-2.27.1.tar.gz", hash = "sha256:62a763352879b84aa31058fc931884055fd75089cccbd9d58bb6afd01141b235" }
wheels = [
    { url = "https://artifactory.global.square/artifactory/api/pypi/block-pypi/packages/packages/6e/ce/60fd96895c09738648c83f3f00f595c807cb6735c70d3306b548cc96dd49/pydantic_core-2.27.1-cp310-cp310-macosx_10_12_x86_64.whl", hash = "sha256:71a5e35c75c021aaf400ac048dacc855f000bdfed91614b4a726f7432f1f3d6a" },
    { url = "https://artifactory.global.square/artifactory/api/pypi/block-pypi/packages/packages/fd/b9/84623d6b6be98cc209b06687d9bca5a7b966ffed008d15225dd0d20cce2e/pydantic_core-2.27.1-cp310-cp310-macosx_11_0_arm64.whl", hash = "sha256:f82d068a2d6ecfc6e054726080af69a6764a10015467d7d7b9f66d6ed5afa23b" },
    { url = "https://artifactory.global.square/artifactory/api/pypi/block-pypi/packages/packages/01/72/59a70165eabbc93b1111d42df9ca016a4aa109409db04304829377947028/pydantic_core-2.27.1-cp310-cp310-manylinux_2_17_aarch64.manylinux2014_aarch64.whl", hash = "sha256:121ceb0e822f79163dd4699e4c54f5ad38b157084d97b34de8b232bcaad70278" },
    { url = "https://artifactory.global.square/artifactory/api/pypi/block-pypi/packages/packages/7c/0c/24841136476adafd26f94b45bb718a78cb0500bd7b4f8d667b67c29d7b0d/pydantic_core-2.27.1-cp310-cp310-manylinux_2_17_armv7l.manylinux2014_armv7l.whl", hash = "sha256:4603137322c18eaf2e06a4495f426aa8d8388940f3c457e7548145011bb68e05" },
    { url = "https://artifactory.global.square/artifactory/api/pypi/block-pypi/packages/packages/53/5e/c32957a09cceb2af10d7642df45d1e3dbd8596061f700eac93b801de53c0/pydantic_core-2.27.1-cp310-cp310-manylinux_2_17_ppc64le.manylinux2014_ppc64le.whl", hash = "sha256:a33cd6ad9017bbeaa9ed78a2e0752c5e250eafb9534f308e7a5f7849b0b1bfb4" },
    { url = "https://artifactory.global.square/artifactory/api/pypi/block-pypi/packages/packages/e4/8f/979ab3eccd118b638cd6d8f980fea8794f45018255a36044dea40fe579d4/pydantic_core-2.27.1-cp310-cp310-manylinux_2_17_s390x.manylinux2014_s390x.whl", hash = "sha256:15cc53a3179ba0fcefe1e3ae50beb2784dede4003ad2dfd24f81bba4b23a454f" },
    { url = "https://artifactory.global.square/artifactory/api/pypi/block-pypi/packages/packages/02/1d/00f2e4626565b3b6d3690dab4d4fe1a26edd6a20e53749eb21ca892ef2df/pydantic_core-2.27.1-cp310-cp310-manylinux_2_17_x86_64.manylinux2014_x86_64.whl", hash = "sha256:45d9c5eb9273aa50999ad6adc6be5e0ecea7e09dbd0d31bd0c65a55a2592ca08" },
    { url = "https://artifactory.global.square/artifactory/api/pypi/block-pypi/packages/packages/9d/46/3112621204128b90898adc2e721a3cd6cf5626504178d6f32c33b5a43b79/pydantic_core-2.27.1-cp310-cp310-manylinux_2_5_i686.manylinux1_i686.whl", hash = "sha256:8bf7b66ce12a2ac52d16f776b31d16d91033150266eb796967a7e4621707e4f6" },
    { url = "https://artifactory.global.square/artifactory/api/pypi/block-pypi/packages/packages/49/ec/557dd4ff5287ffffdf16a31d08d723de6762bb1b691879dc4423392309bc/pydantic_core-2.27.1-cp310-cp310-musllinux_1_1_aarch64.whl", hash = "sha256:655d7dd86f26cb15ce8a431036f66ce0318648f8853d709b4167786ec2fa4807" },
    { url = "https://artifactory.global.square/artifactory/api/pypi/block-pypi/packages/packages/6e/b2/610dbeb74d8d43921a7234555e4c091cb050a2bdb8cfea86d07791ce01c5/pydantic_core-2.27.1-cp310-cp310-musllinux_1_1_armv7l.whl", hash = "sha256:5556470f1a2157031e676f776c2bc20acd34c1990ca5f7e56f1ebf938b9ab57c" },
    { url = "https://artifactory.global.square/artifactory/api/pypi/block-pypi/packages/packages/8c/7f/4bf8e9d26a9118521c80b229291fa9558a07cdd9a968ec2d5c1026f14fbc/pydantic_core-2.27.1-cp310-cp310-musllinux_1_1_x86_64.whl", hash = "sha256:f69ed81ab24d5a3bd93861c8c4436f54afdf8e8cc421562b0c7504cf3be58206" },
    { url = "https://artifactory.global.square/artifactory/api/pypi/block-pypi/packages/packages/1f/1c/875ac7139c958f4390f23656fe696d1acc8edf45fb81e4831960f12cd6e4/pydantic_core-2.27.1-cp310-none-win32.whl", hash = "sha256:f5a823165e6d04ccea61a9f0576f345f8ce40ed533013580e087bd4d7442b52c" },
    { url = "https://artifactory.global.square/artifactory/api/pypi/block-pypi/packages/packages/d7/41/55a117acaeda25ceae51030b518032934f251b1dac3704a53781383e3491/pydantic_core-2.27.1-cp310-none-win_amd64.whl", hash = "sha256:57866a76e0b3823e0b56692d1a0bf722bffb324839bb5b7226a7dbd6c9a40b17" },
    { url = "https://artifactory.global.square/artifactory/api/pypi/block-pypi/packages/packages/27/39/46fe47f2ad4746b478ba89c561cafe4428e02b3573df882334bd2964f9cb/pydantic_core-2.27.1-cp311-cp311-macosx_10_12_x86_64.whl", hash = "sha256:ac3b20653bdbe160febbea8aa6c079d3df19310d50ac314911ed8cc4eb7f8cb8" },
    { url = "https://artifactory.global.square/artifactory/api/pypi/block-pypi/packages/packages/1c/00/0804e84a78b7fdb394fff4c4f429815a10e5e0993e6ae0e0b27dd20379ee/pydantic_core-2.27.1-cp311-cp311-macosx_11_0_arm64.whl", hash = "sha256:a5a8e19d7c707c4cadb8c18f5f60c843052ae83c20fa7d44f41594c644a1d330" },
    { url = "https://artifactory.global.square/artifactory/api/pypi/block-pypi/packages/packages/01/de/df51b3bac9820d38371f5a261020f505025df732ce566c2a2e7970b84c8c/pydantic_core-2.27.1-cp311-cp311-manylinux_2_17_aarch64.manylinux2014_aarch64.whl", hash = "sha256:7f7059ca8d64fea7f238994c97d91f75965216bcbe5f695bb44f354893f11d52" },
    { url = "https://artifactory.global.square/artifactory/api/pypi/block-pypi/packages/packages/5f/d9/c01d19da8f9e9fbdb2bf99f8358d145a312590374d0dc9dd8dbe484a9cde/pydantic_core-2.27.1-cp311-cp311-manylinux_2_17_armv7l.manylinux2014_armv7l.whl", hash = "sha256:bed0f8a0eeea9fb72937ba118f9db0cb7e90773462af7962d382445f3005e5a4" },
    { url = "https://artifactory.global.square/artifactory/api/pypi/block-pypi/packages/packages/5f/84/7db66eb12a0dc88c006abd6f3cbbf4232d26adfd827a28638c540d8f871d/pydantic_core-2.27.1-cp311-cp311-manylinux_2_17_ppc64le.manylinux2014_ppc64le.whl", hash = "sha256:a3cb37038123447cf0f3ea4c74751f6a9d7afef0eb71aa07bf5f652b5e6a132c" },
    { url = "https://artifactory.global.square/artifactory/api/pypi/block-pypi/packages/packages/34/ac/a2537958db8299fbabed81167d58cc1506049dba4163433524e06a7d9f4c/pydantic_core-2.27.1-cp311-cp311-manylinux_2_17_s390x.manylinux2014_s390x.whl", hash = "sha256:84286494f6c5d05243456e04223d5a9417d7f443c3b76065e75001beb26f88de" },
    { url = "https://artifactory.global.square/artifactory/api/pypi/block-pypi/packages/packages/4a/c1/3e38cd777ef832c4fdce11d204592e135ddeedb6c6f525478a53d1c7d3e5/pydantic_core-2.27.1-cp311-cp311-manylinux_2_17_x86_64.manylinux2014_x86_64.whl", hash = "sha256:acc07b2cfc5b835444b44a9956846b578d27beeacd4b52e45489e93276241025" },
    { url = "https://artifactory.global.square/artifactory/api/pypi/block-pypi/packages/packages/7a/69/b9952829f80fd555fe04340539d90e000a146f2a003d3fcd1e7077c06c71/pydantic_core-2.27.1-cp311-cp311-manylinux_2_5_i686.manylinux1_i686.whl", hash = "sha256:4fefee876e07a6e9aad7a8c8c9f85b0cdbe7df52b8a9552307b09050f7512c7e" },
    { url = "https://artifactory.global.square/artifactory/api/pypi/block-pypi/packages/packages/05/72/257b5824d7988af43460c4e22b63932ed651fe98804cc2793068de7ec554/pydantic_core-2.27.1-cp311-cp311-musllinux_1_1_aarch64.whl", hash = "sha256:258c57abf1188926c774a4c94dd29237e77eda19462e5bb901d88adcab6af919" },
    { url = "https://artifactory.global.square/artifactory/api/pypi/block-pypi/packages/packages/73/c3/78ed6b7f3278a36589bcdd01243189ade7fc9b26852844938b4d7693895b/pydantic_core-2.27.1-cp311-cp311-musllinux_1_1_armv7l.whl", hash = "sha256:35c14ac45fcfdf7167ca76cc80b2001205a8d5d16d80524e13508371fb8cdd9c" },
    { url = "https://artifactory.global.square/artifactory/api/pypi/block-pypi/packages/packages/8d/c8/b4139b2f78579960353c4cd987e035108c93a78371bb19ba0dc1ac3b3220/pydantic_core-2.27.1-cp311-cp311-musllinux_1_1_x86_64.whl", hash = "sha256:d1b26e1dff225c31897696cab7d4f0a315d4c0d9e8666dbffdb28216f3b17fdc" },
    { url = "https://artifactory.global.square/artifactory/api/pypi/block-pypi/packages/packages/3e/f8/171a03e97eb36c0b51981efe0f78460554a1d8311773d3d30e20c005164e/pydantic_core-2.27.1-cp311-none-win32.whl", hash = "sha256:2cdf7d86886bc6982354862204ae3b2f7f96f21a3eb0ba5ca0ac42c7b38598b9" },
    { url = "https://artifactory.global.square/artifactory/api/pypi/block-pypi/packages/packages/6a/fe/4e0e63c418c1c76e33974a05266e5633e879d4061f9533b1706a86f77d5b/pydantic_core-2.27.1-cp311-none-win_amd64.whl", hash = "sha256:3af385b0cee8df3746c3f406f38bcbfdc9041b5c2d5ce3e5fc6637256e60bbc5" },
    { url = "https://artifactory.global.square/artifactory/api/pypi/block-pypi/packages/packages/50/fc/93f7238a514c155a8ec02fc7ac6376177d449848115e4519b853820436c5/pydantic_core-2.27.1-cp311-none-win_arm64.whl", hash = "sha256:81f2ec23ddc1b476ff96563f2e8d723830b06dceae348ce02914a37cb4e74b89" },
    { url = "https://artifactory.global.square/artifactory/api/pypi/block-pypi/packages/packages/be/51/2e9b3788feb2aebff2aa9dfbf060ec739b38c05c46847601134cc1fed2ea/pydantic_core-2.27.1-cp312-cp312-macosx_10_12_x86_64.whl", hash = "sha256:9cbd94fc661d2bab2bc702cddd2d3370bbdcc4cd0f8f57488a81bcce90c7a54f" },
    { url = "https://artifactory.global.square/artifactory/api/pypi/block-pypi/packages/packages/7b/9e/f8063952e4a7d0127f5d1181addef9377505dcce3be224263b25c4f0bfd9/pydantic_core-2.27.1-cp312-cp312-macosx_11_0_arm64.whl", hash = "sha256:5f8c4718cd44ec1580e180cb739713ecda2bdee1341084c1467802a417fe0f02" },
    { url = "https://artifactory.global.square/artifactory/api/pypi/block-pypi/packages/packages/2c/9d/e1d6c4561d262b52e41b17a7ef8301e2ba80b61e32e94520271029feb5d8/pydantic_core-2.27.1-cp312-cp312-manylinux_2_17_aarch64.manylinux2014_aarch64.whl", hash = "sha256:15aae984e46de8d376df515f00450d1522077254ef6b7ce189b38ecee7c9677c" },
    { url = "https://artifactory.global.square/artifactory/api/pypi/block-pypi/packages/packages/be/65/80ff46de4266560baa4332ae3181fffc4488ea7d37282da1a62d10ab89a4/pydantic_core-2.27.1-cp312-cp312-manylinux_2_17_armv7l.manylinux2014_armv7l.whl", hash = "sha256:1ba5e3963344ff25fc8c40da90f44b0afca8cfd89d12964feb79ac1411a260ac" },
    { url = "https://artifactory.global.square/artifactory/api/pypi/block-pypi/packages/packages/d5/ca/3370074ad758b04d9562b12ecdb088597f4d9d13893a48a583fb47682cdf/pydantic_core-2.27.1-cp312-cp312-manylinux_2_17_ppc64le.manylinux2014_ppc64le.whl", hash = "sha256:992cea5f4f3b29d6b4f7f1726ed8ee46c8331c6b4eed6db5b40134c6fe1768bb" },
    { url = "https://artifactory.global.square/artifactory/api/pypi/block-pypi/packages/packages/b1/e2/4ab72d93367194317b99d051947c071aef6e3eb95f7553eaa4208ecf9ba4/pydantic_core-2.27.1-cp312-cp312-manylinux_2_17_s390x.manylinux2014_s390x.whl", hash = "sha256:0325336f348dbee6550d129b1627cb8f5351a9dc91aad141ffb96d4937bd9529" },
    { url = "https://artifactory.global.square/artifactory/api/pypi/block-pypi/packages/packages/8a/c6/8ae0831bf77f356bb73127ce5a95fe115b10f820ea480abbd72d3cc7ccf3/pydantic_core-2.27.1-cp312-cp312-manylinux_2_17_x86_64.manylinux2014_x86_64.whl", hash = "sha256:7597c07fbd11515f654d6ece3d0e4e5093edc30a436c63142d9a4b8e22f19c35" },
    { url = "https://artifactory.global.square/artifactory/api/pypi/block-pypi/packages/packages/f1/f4/b2fe73241da2429400fc27ddeaa43e35562f96cf5b67499b2de52b528cad/pydantic_core-2.27.1-cp312-cp312-manylinux_2_5_i686.manylinux1_i686.whl", hash = "sha256:3bbd5d8cc692616d5ef6fbbbd50dbec142c7e6ad9beb66b78a96e9c16729b089" },
    { url = "https://artifactory.global.square/artifactory/api/pypi/block-pypi/packages/packages/77/29/4bb008823a7f4cc05828198153f9753b3bd4c104d93b8e0b1bfe4e187540/pydantic_core-2.27.1-cp312-cp312-musllinux_1_1_aarch64.whl", hash = "sha256:dc61505e73298a84a2f317255fcc72b710b72980f3a1f670447a21efc88f8381" },
    { url = "https://artifactory.global.square/artifactory/api/pypi/block-pypi/packages/packages/f2/a9/0eaceeba41b9fad851a4107e0cf999a34ae8f0d0d1f829e2574f3d8897b0/pydantic_core-2.27.1-cp312-cp312-musllinux_1_1_armv7l.whl", hash = "sha256:e1f735dc43da318cad19b4173dd1ffce1d84aafd6c9b782b3abc04a0d5a6f5bb" },
    { url = "https://artifactory.global.square/artifactory/api/pypi/block-pypi/packages/packages/d8/36/eb8697729725bc610fd73940f0d860d791dc2ad557faaefcbb3edbd2b349/pydantic_core-2.27.1-cp312-cp312-musllinux_1_1_x86_64.whl", hash = "sha256:f4e5658dbffe8843a0f12366a4c2d1c316dbe09bb4dfbdc9d2d9cd6031de8aae" },
    { url = "https://artifactory.global.square/artifactory/api/pypi/block-pypi/packages/packages/52/e5/4f0fbd5c5995cc70d3afed1b5c754055bb67908f55b5cb8000f7112749bf/pydantic_core-2.27.1-cp312-none-win32.whl", hash = "sha256:672ebbe820bb37988c4d136eca2652ee114992d5d41c7e4858cdd90ea94ffe5c" },
    { url = "https://artifactory.global.square/artifactory/api/pypi/block-pypi/packages/packages/ee/f2/c61486eee27cae5ac781305658779b4a6b45f9cc9d02c90cb21b940e82cc/pydantic_core-2.27.1-cp312-none-win_amd64.whl", hash = "sha256:66ff044fd0bb1768688aecbe28b6190f6e799349221fb0de0e6f4048eca14c16" },
    { url = "https://artifactory.global.square/artifactory/api/pypi/block-pypi/packages/packages/df/a6/e3f12ff25f250b02f7c51be89a294689d175ac76e1096c32bf278f29ca1e/pydantic_core-2.27.1-cp312-none-win_arm64.whl", hash = "sha256:9a3b0793b1bbfd4146304e23d90045f2a9b5fd5823aa682665fbdaf2a6c28f3e" },
    { url = "https://artifactory.global.square/artifactory/api/pypi/block-pypi/packages/packages/0f/d6/91cb99a3c59d7b072bded9959fbeab0a9613d5a4935773c0801f1764c156/pydantic_core-2.27.1-cp313-cp313-macosx_10_12_x86_64.whl", hash = "sha256:f216dbce0e60e4d03e0c4353c7023b202d95cbaeff12e5fd2e82ea0a66905073" },
    { url = "https://artifactory.global.square/artifactory/api/pypi/block-pypi/packages/packages/07/42/d35033f81a28b27dedcade9e967e8a40981a765795c9ebae2045bcef05d3/pydantic_core-2.27.1-cp313-cp313-macosx_11_0_arm64.whl", hash = "sha256:a2e02889071850bbfd36b56fd6bc98945e23670773bc7a76657e90e6b6603c08" },
    { url = "https://artifactory.global.square/artifactory/api/pypi/block-pypi/packages/packages/41/c2/491b59e222ec7e72236e512108ecad532c7f4391a14e971c963f624f7569/pydantic_core-2.27.1-cp313-cp313-manylinux_2_17_aarch64.manylinux2014_aarch64.whl", hash = "sha256:42b0e23f119b2b456d07ca91b307ae167cc3f6c846a7b169fca5326e32fdc6cf" },
    { url = "https://artifactory.global.square/artifactory/api/pypi/block-pypi/packages/packages/e3/f3/363652651779113189cefdbbb619b7b07b7a67ebb6840325117cc8cc3460/pydantic_core-2.27.1-cp313-cp313-manylinux_2_17_armv7l.manylinux2014_armv7l.whl", hash = "sha256:764be71193f87d460a03f1f7385a82e226639732214b402f9aa61f0d025f0737" },
    { url = "https://artifactory.global.square/artifactory/api/pypi/block-pypi/packages/packages/5f/97/be804aed6b479af5a945daec7538d8bf358d668bdadde4c7888a2506bdfb/pydantic_core-2.27.1-cp313-cp313-manylinux_2_17_ppc64le.manylinux2014_ppc64le.whl", hash = "sha256:1c00666a3bd2f84920a4e94434f5974d7bbc57e461318d6bb34ce9cdbbc1f6b2" },
    { url = "https://artifactory.global.square/artifactory/api/pypi/block-pypi/packages/packages/42/01/295f0bd4abf58902917e342ddfe5f76cf66ffabfc57c2e23c7681a1a1197/pydantic_core-2.27.1-cp313-cp313-manylinux_2_17_s390x.manylinux2014_s390x.whl", hash = "sha256:3ccaa88b24eebc0f849ce0a4d09e8a408ec5a94afff395eb69baf868f5183107" },
    { url = "https://artifactory.global.square/artifactory/api/pypi/block-pypi/packages/packages/9d/a0/cd8e9c940ead89cc37812a1a9f310fef59ba2f0b22b4e417d84ab09fa970/pydantic_core-2.27.1-cp313-cp313-manylinux_2_17_x86_64.manylinux2014_x86_64.whl", hash = "sha256:c65af9088ac534313e1963443d0ec360bb2b9cba6c2909478d22c2e363d98a51" },
    { url = "https://artifactory.global.square/artifactory/api/pypi/block-pypi/packages/packages/73/ae/9d0980e286627e0aeca4c352a60bd760331622c12d576e5ea4441ac7e15e/pydantic_core-2.27.1-cp313-cp313-manylinux_2_5_i686.manylinux1_i686.whl", hash = "sha256:206b5cf6f0c513baffaeae7bd817717140770c74528f3e4c3e1cec7871ddd61a" },
    { url = "https://artifactory.global.square/artifactory/api/pypi/block-pypi/packages/packages/bf/ba/ae4480bc0292d54b85cfb954e9d6bd226982949f8316338677d56541b85f/pydantic_core-2.27.1-cp313-cp313-musllinux_1_1_aarch64.whl", hash = "sha256:062f60e512fc7fff8b8a9d680ff0ddaaef0193dba9fa83e679c0c5f5fbd018bc" },
    { url = "https://artifactory.global.square/artifactory/api/pypi/block-pypi/packages/packages/55/b7/e26adf48c2f943092ce54ae14c3c08d0d221ad34ce80b18a50de8ed2cba8/pydantic_core-2.27.1-cp313-cp313-musllinux_1_1_armv7l.whl", hash = "sha256:a0697803ed7d4af5e4c1adf1670af078f8fcab7a86350e969f454daf598c4960" },
    { url = "https://artifactory.global.square/artifactory/api/pypi/block-pypi/packages/packages/ba/cc/8491fff5b608b3862eb36e7d29d36a1af1c945463ca4c5040bf46cc73f40/pydantic_core-2.27.1-cp313-cp313-musllinux_1_1_x86_64.whl", hash = "sha256:58ca98a950171f3151c603aeea9303ef6c235f692fe555e883591103da709b23" },
    { url = "https://artifactory.global.square/artifactory/api/pypi/block-pypi/packages/packages/78/d8/c080592d80edd3441ab7f88f865f51dae94a157fc64283c680e9f32cf6da/pydantic_core-2.27.1-cp313-none-win32.whl", hash = "sha256:8065914ff79f7eab1599bd80406681f0ad08f8e47c880f17b416c9f8f7a26d05" },
    { url = "https://artifactory.global.square/artifactory/api/pypi/block-pypi/packages/packages/83/84/5ab82a9ee2538ac95a66e51f6838d6aba6e0a03a42aa185ad2fe404a4e8f/pydantic_core-2.27.1-cp313-none-win_amd64.whl", hash = "sha256:ba630d5e3db74c79300d9a5bdaaf6200172b107f263c98a0539eeecb857b2337" },
    { url = "https://artifactory.global.square/artifactory/api/pypi/block-pypi/packages/packages/df/c3/b15fb833926d91d982fde29c0624c9f225da743c7af801dace0d4e187e71/pydantic_core-2.27.1-cp313-none-win_arm64.whl", hash = "sha256:45cf8588c066860b623cd11c4ba687f8d7175d5f7ef65f7129df8a394c502de5" },
    { url = "https://artifactory.global.square/artifactory/api/pypi/block-pypi/packages/packages/bc/6a/d741ce0c7da75ce9b394636a406aace00ad992ae417935ef2ad2e67fb970/pydantic_core-2.27.1-cp39-cp39-macosx_10_12_x86_64.whl", hash = "sha256:e9386266798d64eeb19dd3677051f5705bf873e98e15897ddb7d76f477131967" },
    { url = "https://artifactory.global.square/artifactory/api/pypi/block-pypi/packages/packages/bd/68/6ba18e30f10c7051bc55f1dffeadbee51454b381c91846104892a6d3b9cd/pydantic_core-2.27.1-cp39-cp39-macosx_11_0_arm64.whl", hash = "sha256:4228b5b646caa73f119b1ae756216b59cc6e2267201c27d3912b592c5e323b60" },
    { url = "https://artifactory.global.square/artifactory/api/pypi/block-pypi/packages/packages/36/b8/6f1b7c5f068c00dfe179b8762bc1d32c75c0e9f62c9372174b1b64a74aa8/pydantic_core-2.27.1-cp39-cp39-manylinux_2_17_aarch64.manylinux2014_aarch64.whl", hash = "sha256:0b3dfe500de26c52abe0477dde16192ac39c98f05bf2d80e76102d394bd13854" },
    { url = "https://artifactory.global.square/artifactory/api/pypi/block-pypi/packages/packages/d9/83/83ff64d599847f080a93df119e856e3bd93063cced04b9a27eb66d863831/pydantic_core-2.27.1-cp39-cp39-manylinux_2_17_armv7l.manylinux2014_armv7l.whl", hash = "sha256:aee66be87825cdf72ac64cb03ad4c15ffef4143dbf5c113f64a5ff4f81477bf9" },
    { url = "https://artifactory.global.square/artifactory/api/pypi/block-pypi/packages/packages/72/e9/974e6c73f59627c446833ecc306cadd199edab40abcfa093372a5a5c0156/pydantic_core-2.27.1-cp39-cp39-manylinux_2_17_ppc64le.manylinux2014_ppc64le.whl", hash = "sha256:3b748c44bb9f53031c8cbc99a8a061bc181c1000c60a30f55393b6e9c45cc5bd" },
    { url = "https://artifactory.global.square/artifactory/api/pypi/block-pypi/packages/packages/5e/bb/5e912d02dcf29aebb2da35e5a1a26088c39ffc0b1ea81242ee9db6f1f730/pydantic_core-2.27.1-cp39-cp39-manylinux_2_17_s390x.manylinux2014_s390x.whl", hash = "sha256:5ca038c7f6a0afd0b2448941b6ef9d5e1949e999f9e5517692eb6da58e9d44be" },
    { url = "https://artifactory.global.square/artifactory/api/pypi/block-pypi/packages/packages/85/d7/936846087424c882d89c853711687230cd60179a67c79c34c99b64f92625/pydantic_core-2.27.1-cp39-cp39-manylinux_2_17_x86_64.manylinux2014_x86_64.whl", hash = "sha256:6e0bd57539da59a3e4671b90a502da9a28c72322a4f17866ba3ac63a82c4498e" },
    { url = "https://artifactory.global.square/artifactory/api/pypi/block-pypi/packages/packages/82/72/5a386e5ce8d3e933c3f283e61357474181c39383f38afffc15a6152fa1c5/pydantic_core-2.27.1-cp39-cp39-manylinux_2_5_i686.manylinux1_i686.whl", hash = "sha256:ac6c2c45c847bbf8f91930d88716a0fb924b51e0c6dad329b793d670ec5db792" },
    { url = "https://artifactory.global.square/artifactory/api/pypi/block-pypi/packages/packages/ce/5c/b1c417a5fd67ce132d78d16a6ba7629dc7f188dbd4f7c30ef58111ee5147/pydantic_core-2.27.1-cp39-cp39-musllinux_1_1_aarch64.whl", hash = "sha256:b94d4ba43739bbe8b0ce4262bcc3b7b9f31459ad120fb595627eaeb7f9b9ca01" },
    { url = "https://artifactory.global.square/artifactory/api/pypi/block-pypi/packages/packages/dd/04/4e18f2c42b29929882f30e4c09a3a039555158995a4ac730a73585198a66/pydantic_core-2.27.1-cp39-cp39-musllinux_1_1_armv7l.whl", hash = "sha256:00e6424f4b26fe82d44577b4c842d7df97c20be6439e8e685d0d715feceb9fb9" },
    { url = "https://artifactory.global.square/artifactory/api/pypi/block-pypi/packages/packages/06/84/5a332345b7efb5ab361f916eaf7316ef010e72417e8c7dd3d34462ee9840/pydantic_core-2.27.1-cp39-cp39-musllinux_1_1_x86_64.whl", hash = "sha256:38de0a70160dd97540335b7ad3a74571b24f1dc3ed33f815f0880682e6880131" },
    { url = "https://artifactory.global.square/artifactory/api/pypi/block-pypi/packages/packages/54/58/23caa58c35d36627156789c0fb562264c12cfdb451c75eb275535188a96f/pydantic_core-2.27.1-cp39-none-win32.whl", hash = "sha256:7ccebf51efc61634f6c2344da73e366c75e735960b5654b63d7e6f69a5885fa3" },
    { url = "https://artifactory.global.square/artifactory/api/pypi/block-pypi/packages/packages/f7/9c/e83f08adc8e222b43c7f11d98b27eba08f21bcb259bcbf74743ce903c49c/pydantic_core-2.27.1-cp39-none-win_amd64.whl", hash = "sha256:a57847b090d7892f123726202b7daa20df6694cbd583b67a592e856bff603d6c" },
    { url = "https://artifactory.global.square/artifactory/api/pypi/block-pypi/packages/packages/7c/60/e5eb2d462595ba1f622edbe7b1d19531e510c05c405f0b87c80c1e89d5b1/pydantic_core-2.27.1-pp310-pypy310_pp73-macosx_10_12_x86_64.whl", hash = "sha256:3fa80ac2bd5856580e242dbc202db873c60a01b20309c8319b5c5986fbe53ce6" },
    { url = "https://artifactory.global.square/artifactory/api/pypi/block-pypi/packages/packages/61/20/da7059855225038c1c4326a840908cc7ca72c7198cb6addb8b92ec81c1d6/pydantic_core-2.27.1-pp310-pypy310_pp73-macosx_11_0_arm64.whl", hash = "sha256:d950caa237bb1954f1b8c9227b5065ba6875ac9771bb8ec790d956a699b78676" },
    { url = "https://artifactory.global.square/artifactory/api/pypi/block-pypi/packages/packages/8f/fc/5485cf0b0bb38da31d1d292160a4d123b5977841ddc1122c671a30b76cfd/pydantic_core-2.27.1-pp310-pypy310_pp73-manylinux_2_17_aarch64.manylinux2014_aarch64.whl", hash = "sha256:0e4216e64d203e39c62df627aa882f02a2438d18a5f21d7f721621f7a5d3611d" },
    { url = "https://artifactory.global.square/artifactory/api/pypi/block-pypi/packages/packages/a1/ff/fb1284a210e13a5f34c639efc54d51da136074ffbe25ec0c279cf9fbb1c4/pydantic_core-2.27.1-pp310-pypy310_pp73-manylinux_2_17_x86_64.manylinux2014_x86_64.whl", hash = "sha256:02a3d637bd387c41d46b002f0e49c52642281edacd2740e5a42f7017feea3f2c" },
    { url = "https://artifactory.global.square/artifactory/api/pypi/block-pypi/packages/packages/f1/14/77c1887a182d05af74f6aeac7b740da3a74155d3093ccc7ee10b900cc6b5/pydantic_core-2.27.1-pp310-pypy310_pp73-manylinux_2_5_i686.manylinux1_i686.whl", hash = "sha256:161c27ccce13b6b0c8689418da3885d3220ed2eae2ea5e9b2f7f3d48f1d52c27" },
    { url = "https://artifactory.global.square/artifactory/api/pypi/block-pypi/packages/packages/06/aa/6f1b2747f811a9c66b5ef39d7f02fbb200479784c75e98290d70004b1253/pydantic_core-2.27.1-pp310-pypy310_pp73-musllinux_1_1_aarch64.whl", hash = "sha256:19910754e4cc9c63bc1c7f6d73aa1cfee82f42007e407c0f413695c2f7ed777f" },
    { url = "https://artifactory.global.square/artifactory/api/pypi/block-pypi/packages/packages/7a/d2/8ce2b074d6835f3c88d85f6d8a399790043e9fdb3d0e43455e72d19df8cc/pydantic_core-2.27.1-pp310-pypy310_pp73-musllinux_1_1_armv7l.whl", hash = "sha256:e173486019cc283dc9778315fa29a363579372fe67045e971e89b6365cc035ed" },
    { url = "https://artifactory.global.square/artifactory/api/pypi/block-pypi/packages/packages/65/71/af01033d4e58484c3db1e5d13e751ba5e3d6b87cc3368533df4c50932c8b/pydantic_core-2.27.1-pp310-pypy310_pp73-musllinux_1_1_x86_64.whl", hash = "sha256:af52d26579b308921b73b956153066481f064875140ccd1dfd4e77db89dbb12f" },
    { url = "https://artifactory.global.square/artifactory/api/pypi/block-pypi/packages/packages/33/72/f881b5e18fbb67cf2fb4ab253660de3c6899dbb2dba409d0b757e3559e3d/pydantic_core-2.27.1-pp310-pypy310_pp73-win_amd64.whl", hash = "sha256:981fb88516bd1ae8b0cbbd2034678a39dedc98752f264ac9bc5839d3923fa04c" },
    { url = "https://artifactory.global.square/artifactory/api/pypi/block-pypi/packages/packages/85/3e/f6f75ba36678fee11dd07a7729e9ed172ecf31e3f50a5d636e9605eee2af/pydantic_core-2.27.1-pp39-pypy39_pp73-macosx_10_12_x86_64.whl", hash = "sha256:5fde892e6c697ce3e30c61b239330fc5d569a71fefd4eb6512fc6caec9dd9e2f" },
    { url = "https://artifactory.global.square/artifactory/api/pypi/block-pypi/packages/packages/d3/2d/a40578918e2eb5b4ee0d206a4fb6c4040c2bf14e28d29fba9bd7e7659d16/pydantic_core-2.27.1-pp39-pypy39_pp73-macosx_11_0_arm64.whl", hash = "sha256:816f5aa087094099fff7edabb5e01cc370eb21aa1a1d44fe2d2aefdfb5599b31" },
    { url = "https://artifactory.global.square/artifactory/api/pypi/block-pypi/packages/packages/7f/ee/0377e9f4ca5a47e8885f670a65c0a647ddf9ce98d50bf7547cf8e1ee5771/pydantic_core-2.27.1-pp39-pypy39_pp73-manylinux_2_17_aarch64.manylinux2014_aarch64.whl", hash = "sha256:9c10c309e18e443ddb108f0ef64e8729363adbfd92d6d57beec680f6261556f3" },
    { url = "https://artifactory.global.square/artifactory/api/pypi/block-pypi/packages/packages/fe/0b/a24d9ef762d05bebdfafd6d5d176b990728fa9ec8ea7b6040d6fb5f3caaa/pydantic_core-2.27.1-pp39-pypy39_pp73-manylinux_2_17_x86_64.manylinux2014_x86_64.whl", hash = "sha256:98476c98b02c8e9b2eec76ac4156fd006628b1b2d0ef27e548ffa978393fd154" },
    { url = "https://artifactory.global.square/artifactory/api/pypi/block-pypi/packages/packages/00/bd/deadc1722eb7dfdf787a3bbcd32eabbdcc36931fd48671a850e1b9f2cd77/pydantic_core-2.27.1-pp39-pypy39_pp73-manylinux_2_5_i686.manylinux1_i686.whl", hash = "sha256:c3027001c28434e7ca5a6e1e527487051136aa81803ac812be51802150d880dd" },
    { url = "https://artifactory.global.square/artifactory/api/pypi/block-pypi/packages/packages/f0/05/5d09d0b0e92053d538927308ea1d35cb25ab543d9c3e2eb2d7653bc73690/pydantic_core-2.27.1-pp39-pypy39_pp73-musllinux_1_1_aarch64.whl", hash = "sha256:7699b1df36a48169cdebda7ab5a2bac265204003f153b4bd17276153d997670a" },
    { url = "https://artifactory.global.square/artifactory/api/pypi/block-pypi/packages/packages/5b/7e/f7191346d1c3ac66049f618ee331359f8552a8b68a2daf916003c30b6dc8/pydantic_core-2.27.1-pp39-pypy39_pp73-musllinux_1_1_armv7l.whl", hash = "sha256:1c39b07d90be6b48968ddc8c19e7585052088fd7ec8d568bb31ff64c70ae3c97" },
    { url = "https://artifactory.global.square/artifactory/api/pypi/block-pypi/packages/packages/f3/65/2caf4f7ad65413a137d43cb9578c54d1abd3224be786ad840263c1bf9e0f/pydantic_core-2.27.1-pp39-pypy39_pp73-musllinux_1_1_x86_64.whl", hash = "sha256:46ccfe3032b3915586e469d4972973f893c0a2bb65669194a5bdea9bacc088c2" },
    { url = "https://artifactory.global.square/artifactory/api/pypi/block-pypi/packages/packages/fd/ab/718d9a1c41bb8d3e0e04d15b68b8afc135f8fcf552705b62f226225065c7/pydantic_core-2.27.1-pp39-pypy39_pp73-win_amd64.whl", hash = "sha256:62ba45e21cf6571d7f716d903b5b7b6d2617e2d5d67c0923dc47b9d41369f840" },
]

[[package]]
name = "sniffio"
version = "1.3.1"
source = { registry = "https://artifactory.global.square/artifactory/api/pypi/block-pypi/simple" }
sdist = { url = "https://artifactory.global.square/artifactory/api/pypi/block-pypi/packages/packages/a2/87/a6771e1546d97e7e041b6ae58d80074f81b7d5121207425c964ddf5cfdbd/sniffio-1.3.1.tar.gz", hash = "sha256:f4324edc670a0f49750a81b895f35c3adb843cca46f0530f79fc1babb23789dc" }
wheels = [
    { url = "https://artifactory.global.square/artifactory/api/pypi/block-pypi/packages/packages/e9/44/75a9c9421471a6c4805dbf2356f7c181a29c1879239abab1ea2cc8f38b40/sniffio-1.3.1-py3-none-any.whl", hash = "sha256:2f6da418d1f1e0fddd844478f41680e794e6051915791a034ff65e5f100525a2" },
]

[[package]]
name = "starlette"
version = "0.41.3"
source = { registry = "https://artifactory.global.square/artifactory/api/pypi/block-pypi/simple" }
dependencies = [
    { name = "anyio" },
    { name = "typing-extensions", marker = "python_full_version < '3.10'" },
]
sdist = { url = "https://artifactory.global.square/artifactory/api/pypi/block-pypi/packages/packages/1a/4c/9b5764bd22eec91c4039ef4c55334e9187085da2d8a2df7bd570869aae18/starlette-0.41.3.tar.gz", hash = "sha256:0e4ab3d16522a255be6b28260b938eae2482f98ce5cc934cb08dce8dc3ba5835" }
wheels = [
    { url = "https://artifactory.global.square/artifactory/api/pypi/block-pypi/packages/packages/96/00/2b325970b3060c7cecebab6d295afe763365822b1306a12eeab198f74323/starlette-0.41.3-py3-none-any.whl", hash = "sha256:44cedb2b7c77a9de33a8b74b2b90e9f50d11fcf25d8270ea525ad71a25374ff7" },
]

[[package]]
name = "typing-extensions"
version = "4.12.2"
source = { registry = "https://artifactory.global.square/artifactory/api/pypi/block-pypi/simple" }
sdist = { url = "https://artifactory.global.square/artifactory/api/pypi/block-pypi/packages/packages/df/db/f35a00659bc03fec321ba8bce9420de607a1d37f8342eee1863174c69557/typing_extensions-4.12.2.tar.gz", hash = "sha256:1a7ead55c7e559dd4dee8856e3a88b41225abfe1ce8df57b7c13915fe121ffb8" }
wheels = [
    { url = "https://artifactory.global.square/artifactory/api/pypi/block-pypi/packages/packages/26/9f/ad63fc0248c5379346306f8668cda6e2e2e9c95e01216d2b8ffd9ff037d0/typing_extensions-4.12.2-py3-none-any.whl", hash = "sha256:04e5ca0351e0f3f85c6853954072df659d0d13fac324d0072316b67d7794700d" },
]

[[package]]
name = "uvicorn"
version = "0.32.1"
source = { registry = "https://artifactory.global.square/artifactory/api/pypi/block-pypi/simple" }
dependencies = [
    { name = "click" },
    { name = "h11" },
    { name = "typing-extensions", marker = "python_full_version < '3.11'" },
]
sdist = { url = "https://artifactory.global.square/artifactory/api/pypi/block-pypi/packages/packages/6a/3c/21dba3e7d76138725ef307e3d7ddd29b763119b3aa459d02cc05fefcff75/uvicorn-0.32.1.tar.gz", hash = "sha256:ee9519c246a72b1c084cea8d3b44ed6026e78a4a309cbedae9c37e4cb9fbb175" }
wheels = [
    { url = "https://artifactory.global.square/artifactory/api/pypi/block-pypi/packages/packages/50/c1/2d27b0a15826c2b71dcf6e2f5402181ef85acf439617bb2f1453125ce1f3/uvicorn-0.32.1-py3-none-any.whl", hash = "sha256:82ad92fd58da0d12af7482ecdb5f2470a04c9c9a53ced65b9bbb4a205377602e" },
]
